// !$*UTF8*$!
{
	archiveVersion = 1;
	classes = {
	};
	objectVersion = 50;
	objects = {

/* Begin PBXBuildFile section */
		030773C923A0FD7000D47243 /* AppDelegate.swift in Sources */ = {isa = PBXBuildFile; fileRef = 030773C823A0FD7000D47243 /* AppDelegate.swift */; };
		030773CB23A0FD7000D47243 /* SceneDelegate.swift in Sources */ = {isa = PBXBuildFile; fileRef = 030773CA23A0FD7000D47243 /* SceneDelegate.swift */; };
		030773CD23A0FD7000D47243 /* ContentView.swift in Sources */ = {isa = PBXBuildFile; fileRef = 030773CC23A0FD7000D47243 /* ContentView.swift */; };
		030773CF23A0FD7400D47243 /* Assets.xcassets in Resources */ = {isa = PBXBuildFile; fileRef = 030773CE23A0FD7400D47243 /* Assets.xcassets */; };
		030773D223A0FD7400D47243 /* Preview Assets.xcassets in Resources */ = {isa = PBXBuildFile; fileRef = 030773D123A0FD7400D47243 /* Preview Assets.xcassets */; };
		030773D523A0FD7400D47243 /* LaunchScreen.storyboard in Resources */ = {isa = PBXBuildFile; fileRef = 030773D323A0FD7400D47243 /* LaunchScreen.storyboard */; };
/* End PBXBuildFile section */

/* Begin PBXFileReference section */
		030773C523A0FD7000D47243 /* Urhobo_WordMatch.app */ = {isa = PBXFileReference; explicitFileType = wrapper.application; includeInIndex = 0; path = Urhobo_WordMatch.app; sourceTree = BUILT_PRODUCTS_DIR; };
		030773C823A0FD7000D47243 /* AppDelegate.swift */ = {isa = PBXFileReference; lastKnownFileType = sourcecode.swift; path = AppDelegate.swift; sourceTree = "<group>"; };
		030773CA23A0FD7000D47243 /* SceneDelegate.swift */ = {isa = PBXFileReference; lastKnownFileType = sourcecode.swift; path = SceneDelegate.swift; sourceTree = "<group>"; };
		030773CC23A0FD7000D47243 /* ContentView.swift */ = {isa = PBXFileReference; lastKnownFileType = sourcecode.swift; path = ContentView.swift; sourceTree = "<group>"; };
		030773CE23A0FD7400D47243 /* Assets.xcassets */ = {isa = PBXFileReference; lastKnownFileType = folder.assetcatalog; path = Assets.xcassets; sourceTree = "<group>"; };
		030773D123A0FD7400D47243 /* Preview Assets.xcassets */ = {isa = PBXFileReference; lastKnownFileType = folder.assetcatalog; path = "Preview Assets.xcassets"; sourceTree = "<group>"; };
		030773D423A0FD7400D47243 /* Base */ = {isa = PBXFileReference; lastKnownFileType = file.storyboard; name = Base; path = Base.lproj/LaunchScreen.storyboard; sourceTree = "<group>"; };
		030773D623A0FD7400D47243 /* Info.plist */ = {isa = PBXFileReference; lastKnownFileType = text.plist.xml; path = Info.plist; sourceTree = "<group>"; };
/* End PBXFileReference section */

/* Begin PBXFrameworksBuildPhase section */
		030773C223A0FD7000D47243 /* Frameworks */ = {
			isa = PBXFrameworksBuildPhase;
			buildActionMask = 2147483647;
			files = (
			);
			runOnlyForDeploymentPostprocessing = 0;
		};
/* End PBXFrameworksBuildPhase section */

/* Begin PBXGroup section */
		030773BC23A0FD7000D47243 = {
			isa = PBXGroup;
			children = (
				030773C723A0FD7000D47243 /* Urhobo_WordMatch */,
				030773C623A0FD7000D47243 /* Products */,
			);
			sourceTree = "<group>";
		};
		030773C623A0FD7000D47243 /* Products */ = {
			isa = PBXGroup;
			children = (
				030773C523A0FD7000D47243 /* Urhobo_WordMatch.app */,
			);
			name = Products;
			sourceTree = "<group>";
		};
		030773C723A0FD7000D47243 /* Urhobo_WordMatch */ = {
			isa = PBXGroup;
			children = (
				030773C823A0FD7000D47243 /* AppDelegate.swift */,
				030773CA23A0FD7000D47243 /* SceneDelegate.swift */,
				030773CC23A0FD7000D47243 /* ContentView.swift */,
				030773CE23A0FD7400D47243 /* Assets.xcassets */,
				030773D323A0FD7400D47243 /* LaunchScreen.storyboard */,
				030773D623A0FD7400D47243 /* Info.plist */,
				030773D023A0FD7400D47243 /* Preview Content */,
			);
			path = Urhobo_WordMatch;
			sourceTree = "<group>";
		};
		030773D023A0FD7400D47243 /* Preview Content */ = {
			isa = PBXGroup;
			children = (
				030773D123A0FD7400D47243 /* Preview Assets.xcassets */,
			);
			path = "Preview Content";
			sourceTree = "<group>";
		};
/* End PBXGroup section */

/* Begin PBXNativeTarget section */
		030773C423A0FD7000D47243 /* Urhobo_WordMatch */ = {
			isa = PBXNativeTarget;
			buildConfigurationList = 030773D923A0FD7400D47243 /* Build configuration list for PBXNativeTarget "Urhobo_WordMatch" */;
			buildPhases = (
				030773C123A0FD7000D47243 /* Sources */,
				030773C223A0FD7000D47243 /* Frameworks */,
				030773C323A0FD7000D47243 /* Resources */,
			);
			buildRules = (
			);
			dependencies = (
			);
			name = Urhobo_WordMatch;
			productName = Urhobo_WordMatch;
			productReference = 030773C523A0FD7000D47243 /* Urhobo_WordMatch.app */;
			productType = "com.apple.product-type.application";
		};
/* End PBXNativeTarget section */

/* Begin PBXProject section */
		030773BD23A0FD7000D47243 /* Project object */ = {
			isa = PBXProject;
			attributes = {
				LastSwiftUpdateCheck = 1120;
				LastUpgradeCheck = 1120;
				ORGANIZATIONNAME = "Ufuoma Okoro";
				TargetAttributes = {
					030773C423A0FD7000D47243 = {
						CreatedOnToolsVersion = 11.2.1;
					};
				};
			};
			buildConfigurationList = 030773C023A0FD7000D47243 /* Build configuration list for PBXProject "Urhobo_WordMatch" */;
			compatibilityVersion = "Xcode 9.3";
			developmentRegion = en;
			hasScannedForEncodings = 0;
			knownRegions = (
				en,
				Base,
			);
			mainGroup = 030773BC23A0FD7000D47243;
			productRefGroup = 030773C623A0FD7000D47243 /* Products */;
			projectDirPath = "";
			projectRoot = "";
			targets = (
				030773C423A0FD7000D47243 /* Urhobo_WordMatch */,
			);
		};
/* End PBXProject section */

/* Begin PBXResourcesBuildPhase section */
		030773C323A0FD7000D47243 /* Resources */ = {
			isa = PBXResourcesBuildPhase;
			buildActionMask = 2147483647;
			files = (
				030773D523A0FD7400D47243 /* LaunchScreen.storyboard in Resources */,
				030773D223A0FD7400D47243 /* Preview Assets.xcassets in Resources */,
				030773CF23A0FD7400D47243 /* Assets.xcassets in Resources */,
			);
			runOnlyForDeploymentPostprocessing = 0;
		};
/* End PBXResourcesBuildPhase section */

/* Begin PBXSourcesBuildPhase section */
		030773C123A0FD7000D47243 /* Sources */ = {
			isa = PBXSourcesBuildPhase;
			buildActionMask = 2147483647;
			files = (
				030773C923A0FD7000D47243 /* AppDelegate.swift in Sources */,
				030773CB23A0FD7000D47243 /* SceneDelegate.swift in Sources */,
				030773CD23A0FD7000D47243 /* ContentView.swift in Sources */,
			);
			runOnlyForDeploymentPostprocessing = 0;
		};
/* End PBXSourcesBuildPhase section */

/* Begin PBXVariantGroup section */
		030773D323A0FD7400D47243 /* LaunchScreen.storyboard */ = {
			isa = PBXVariantGroup;
			children = (
				030773D423A0FD7400D47243 /* Base */,
			);
			name = LaunchScreen.storyboard;
			sourceTree = "<group>";
		};
/* End PBXVariantGroup section */

/* Begin XCBuildConfiguration section */
		030773D723A0FD7400D47243 /* Debug */ = {
			isa = XCBuildConfiguration;
			buildSettings = {
				ALWAYS_SEARCH_USER_PATHS = NO;
				CLANG_ANALYZER_NONNULL = YES;
				CLANG_ANALYZER_NUMBER_OBJECT_CONVERSION = YES_AGGRESSIVE;
				CLANG_CXX_LANGUAGE_STANDARD = "gnu++14";
				CLANG_CXX_LIBRARY = "libc++";
				CLANG_ENABLE_MODULES = YES;
				CLANG_ENABLE_OBJC_ARC = YES;
				CLANG_ENABLE_OBJC_WEAK = YES;
				CLANG_WARN_BLOCK_CAPTURE_AUTORELEASING = YES;
				CLANG_WARN_BOOL_CONVERSION = YES;
				CLANG_WARN_COMMA = YES;
				CLANG_WARN_CONSTANT_CONVERSION = YES;
				CLANG_WARN_DEPRECATED_OBJC_IMPLEMENTATIONS = YES;
				CLANG_WARN_DIRECT_OBJC_ISA_USAGE = YES_ERROR;
				CLANG_WARN_DOCUMENTATION_COMMENTS = YES;
				CLANG_WARN_EMPTY_BODY = YES;
				CLANG_WARN_ENUM_CONVERSION = YES;
				CLANG_WARN_INFINITE_RECURSION = YES;
				CLANG_WARN_INT_CONVERSION = YES;
				CLANG_WARN_NON_LITERAL_NULL_CONVERSION = YES;
				CLANG_WARN_OBJC_IMPLICIT_RETAIN_SELF = YES;
				CLANG_WARN_OBJC_LITERAL_CONVERSION = YES;
				CLANG_WARN_OBJC_ROOT_CLASS = YES_ERROR;
				CLANG_WARN_RANGE_LOOP_ANALYSIS = YES;
				CLANG_WARN_STRICT_PROTOTYPES = YES;
				CLANG_WARN_SUSPICIOUS_MOVE = YES;
				CLANG_WARN_UNGUARDED_AVAILABILITY = YES_AGGRESSIVE;
				CLANG_WARN_UNREACHABLE_CODE = YES;
				CLANG_WARN__DUPLICATE_METHOD_MATCH = YES;
				COPY_PHASE_STRIP = NO;
				DEBUG_INFORMATION_FORMAT = dwarf;
				ENABLE_STRICT_OBJC_MSGSEND = YES;
				ENABLE_TESTABILITY = YES;
				GCC_C_LANGUAGE_STANDARD = gnu11;
				GCC_DYNAMIC_NO_PIC = NO;
				GCC_NO_COMMON_BLOCKS = YES;
				GCC_OPTIMIZATION_LEVEL = 0;
				GCC_PREPROCESSOR_DEFINITIONS = (
					"DEBUG=1",
					"$(inherited)",
				);
				GCC_WARN_64_TO_32_BIT_CONVERSION = YES;
				GCC_WARN_ABOUT_RETURN_TYPE = YES_ERROR;
				GCC_WARN_UNDECLARED_SELECTOR = YES;
				GCC_WARN_UNINITIALIZED_AUTOS = YES_AGGRESSIVE;
				GCC_WARN_UNUSED_FUNCTION = YES;
				GCC_WARN_UNUSED_VARIABLE = YES;
				IPHONEOS_DEPLOYMENT_TARGET = 13.2;
				MTL_ENABLE_DEBUG_INFO = INCLUDE_SOURCE;
				MTL_FAST_MATH = YES;
				ONLY_ACTIVE_ARCH = YES;
				SDKROOT = iphoneos;
				SWIFT_ACTIVE_COMPILATION_CONDITIONS = DEBUG;
				SWIFT_OPTIMIZATION_LEVEL = "-Onone";
			};
			name = Debug;
		};
		030773D823A0FD7400D47243 /* Release */ = {
			isa = XCBuildConfiguration;
			buildSettings = {
				ALWAYS_SEARCH_USER_PATHS = NO;
				CLANG_ANALYZER_NONNULL = YES;
				CLANG_ANALYZER_NUMBER_OBJECT_CONVERSION = YES_AGGRESSIVE;
				CLANG_CXX_LANGUAGE_STANDARD = "gnu++14";
				CLANG_CXX_LIBRARY = "libc++";
				CLANG_ENABLE_MODULES = YES;
				CLANG_ENABLE_OBJC_ARC = YES;
				CLANG_ENABLE_OBJC_WEAK = YES;
				CLANG_WARN_BLOCK_CAPTURE_AUTORELEASING = YES;
				CLANG_WARN_BOOL_CONVERSION = YES;
				CLANG_WARN_COMMA = YES;
				CLANG_WARN_CONSTANT_CONVERSION = YES;
				CLANG_WARN_DEPRECATED_OBJC_IMPLEMENTATIONS = YES;
				CLANG_WARN_DIRECT_OBJC_ISA_USAGE = YES_ERROR;
				CLANG_WARN_DOCUMENTATION_COMMENTS = YES;
				CLANG_WARN_EMPTY_BODY = YES;
				CLANG_WARN_ENUM_CONVERSION = YES;
				CLANG_WARN_INFINITE_RECURSION = YES;
				CLANG_WARN_INT_CONVERSION = YES;
				CLANG_WARN_NON_LITERAL_NULL_CONVERSION = YES;
				CLANG_WARN_OBJC_IMPLICIT_RETAIN_SELF = YES;
				CLANG_WARN_OBJC_LITERAL_CONVERSION = YES;
				CLANG_WARN_OBJC_ROOT_CLASS = YES_ERROR;
				CLANG_WARN_RANGE_LOOP_ANALYSIS = YES;
				CLANG_WARN_STRICT_PROTOTYPES = YES;
				CLANG_WARN_SUSPICIOUS_MOVE = YES;
				CLANG_WARN_UNGUARDED_AVAILABILITY = YES_AGGRESSIVE;
				CLANG_WARN_UNREACHABLE_CODE = YES;
				CLANG_WARN__DUPLICATE_METHOD_MATCH = YES;
				COPY_PHASE_STRIP = NO;
				DEBUG_INFORMATION_FORMAT = "dwarf-with-dsym";
				ENABLE_NS_ASSERTIONS = NO;
				ENABLE_STRICT_OBJC_MSGSEND = YES;
				GCC_C_LANGUAGE_STANDARD = gnu11;
				GCC_NO_COMMON_BLOCKS = YES;
				GCC_WARN_64_TO_32_BIT_CONVERSION = YES;
				GCC_WARN_ABOUT_RETURN_TYPE = YES_ERROR;
				GCC_WARN_UNDECLARED_SELECTOR = YES;
				GCC_WARN_UNINITIALIZED_AUTOS = YES_AGGRESSIVE;
				GCC_WARN_UNUSED_FUNCTION = YES;
				GCC_WARN_UNUSED_VARIABLE = YES;
				IPHONEOS_DEPLOYMENT_TARGET = 13.2;
				MTL_ENABLE_DEBUG_INFO = NO;
				MTL_FAST_MATH = YES;
				SDKROOT = iphoneos;
				SWIFT_COMPILATION_MODE = wholemodule;
				SWIFT_OPTIMIZATION_LEVEL = "-O";
				VALIDATE_PRODUCT = YES;
			};
			name = Release;
		};
		030773DA23A0FD7400D47243 /* Debug */ = {
			isa = XCBuildConfiguration;
			buildSettings = {
				ASSETCATALOG_COMPILER_APPICON_NAME = AppIcon;
				CODE_SIGN_STYLE = Automatic;
				DEVELOPMENT_ASSET_PATHS = "\"Urhobo_WordMatch/Preview Content\"";
				ENABLE_PREVIEWS = YES;
				INFOPLIST_FILE = Urhobo_WordMatch/Info.plist;
				LD_RUNPATH_SEARCH_PATHS = (
					"$(inherited)",
					"@executable_path/Frameworks",
				);
				PRODUCT_BUNDLE_IDENTIFIER = "ufookoro-me.com.Urhobo-WordMatch";
				PRODUCT_NAME = "$(TARGET_NAME)";
				SWIFT_VERSION = 5.0;
				TARGETED_DEVICE_FAMILY = "1,2";
			};
			name = Debug;
		};
		030773DB23A0FD7400D47243 /* Release */ = {
			isa = XCBuildConfiguration;
			buildSettings = {
				ASSETCATALOG_COMPILER_APPICON_NAME = AppIcon;
				CODE_SIGN_STYLE = Automatic;
				DEVELOPMENT_ASSET_PATHS = "\"Urhobo_WordMatch/Preview Content\"";
				ENABLE_PREVIEWS = YES;
				INFOPLIST_FILE = Urhobo_WordMatch/Info.plist;
				LD_RUNPATH_SEARCH_PATHS = (
					"$(inherited)",
					"@executable_path/Frameworks",
				);
				PRODUCT_BUNDLE_IDENTIFIER = "ufookoro-me.com.Urhobo-WordMatch";
				PRODUCT_NAME = "$(TARGET_NAME)";
				SWIFT_VERSION = 5.0;
				TARGETED_DEVICE_FAMILY = "1,2";
			};
			name = Release;
		};
/* End XCBuildConfiguration section */

/* Begin XCConfigurationList section */
		030773C023A0FD7000D47243 /* Build configuration list for PBXProject "Urhobo_WordMatch" */ = {
			isa = XCConfigurationList;
			buildConfigurations = (
				030773D723A0FD7400D47243 /* Debug */,
				030773D823A0FD7400D47243 /* Release */,
			);
			defaultConfigurationIsVisible = 0;
			defaultConfigurationName = Release;
		};
		030773D923A0FD7400D47243 /* Build configuration list for PBXNativeTarget "Urhobo_WordMatch" */ = {
			isa = XCConfigurationList;
			buildConfigurations = (
				030773DA23A0FD7400D47243 /* Debug */,
				030773DB23A0FD7400D47243 /* Release */,
			);
			defaultConfigurationIsVisible = 0;
			defaultConfigurationName = Release;
		};
/* End XCConfigurationList section */
	};
	rootObject = 030773BD23A0FD7000D47243 /* Project object */;
}
